
Microsoft Visual Studio Solution File, Format Version 12.00
# Visual Studio Version 17
VisualStudioVersion = 17.4.33122.133
MinimumVisualStudioVersion = 10.0.40219.1
Project("{FAE04EC0-301F-11D3-BF4B-00C04F79EFBC}") = "FourSum", "FourSum\FourSum.csproj", "{EAF958EB-1EEB-4995-9780-4C11023AC084}"
EndProject
Project("{FAE04EC0-301F-11D3-BF4B-00C04F79EFBC}") = "FourSum.Tests", "FourSum.Tests\FourSum.Tests.csproj", "{CC84592C-A11B-4248-8CD8-4B9E36868AF5}"
EndProject
Global
	GlobalSection(SolutionConfigurationPlatforms) = preSolution
		Debug|Any CPU = Debug|Any CPU
		Release|Any CPU = Release|Any CPU
	EndGlobalSection
	GlobalSection(ProjectConfigurationPlatforms) = postSolution
		{EAF958EB-1EEB-4995-9780-4C11023AC084}.Debug|Any CPU.ActiveCfg = Debug|Any CPU
		{EAF958EB-1EEB-4995-9780-4C11023AC084}.Debug|Any CPU.Build.0 = Debug|Any CPU
		{EAF958EB-1EEB-4995-9780-4C11023AC084}.Release|Any CPU.ActiveCfg = Release|Any CPU
		{EAF958EB-1EEB-4995-9780-4C11023AC084}.Release|Any CPU.Build.0 = Release|Any CPU
		{CC84592C-A11B-4248-8CD8-4B9E36868AF5}.Debug|Any CPU.ActiveCfg = Debug|Any CPU
		{CC84592C-A11B-4248-8CD8-4B9E36868AF5}.Debug|Any CPU.Build.0 = Debug|Any CPU
		{CC84592C-A11B-4248-8CD8-4B9E36868AF5}.Release|Any CPU.ActiveCfg = Release|Any CPU
		{CC84592C-A11B-4248-8CD8-4B9E36868AF5}.Release|Any CPU.Build.0 = Release|Any CPU
	EndGlobalSection
	GlobalSection(SolutionProperties) = preSolution
		HideSolutionNode = FALSE
	EndGlobalSection
	GlobalSection(ExtensibilityGlobals) = postSolution
		SolutionGuid = {FCCAF445-FE26-4D1C-BEBC-CDBF47DB39CB}
	EndGlobalSection
EndGlobal
